{
  "version": 4,
  "terraform_version": "1.7.5",
  "serial": 96,
  "lineage": "8e11a154-e2a7-a2c9-cf17-5254cba7971d",
  "outputs": {},
  "resources": [
    {
      "mode": "managed",
      "type": "null_resource",
      "name": "update_kubeconfig",
      "provider": "provider[\"registry.terraform.io/hashicorp/null\"]",
      "instances": [
        {
          "schema_version": 0,
          "attributes": {
            "id": "7326729246683749420",
            "triggers": null
          },
          "sensitive_attributes": []
        }
      ]
    },
    {
      "module": "module.gke_cluster",
      "mode": "managed",
      "type": "google_container_cluster",
      "name": "gke_cluster",
      "provider": "provider[\"registry.terraform.io/hashicorp/google-beta\"]",
      "instances": [
        {
          "schema_version": 2,
          "attributes": {
            "addons_config": [
              {
                "cloudrun_config": [],
                "config_connector_config": [],
                "dns_cache_config": [],
                "gce_persistent_disk_csi_driver_config": [
                  {
                    "enabled": true
                  }
                ],
                "gcp_filestore_csi_driver_config": [],
                "gcs_fuse_csi_driver_config": [],
                "gke_backup_agent_config": [],
                "horizontal_pod_autoscaling": [],
                "http_load_balancing": [
                  {
                    "disabled": false
                  }
                ],
                "istio_config": [],
                "kalm_config": [],
                "network_policy_config": [
                  {
                    "disabled": true
                  }
                ]
              }
            ],
            "allow_net_admin": null,
            "authenticator_groups_config": [],
            "binary_authorization": [
              {
                "enabled": false,
                "evaluation_mode": ""
              }
            ],
            "cluster_autoscaling": [
              {
                "auto_provisioning_defaults": [
                  {
                    "boot_disk_kms_key": "",
                    "disk_size": 0,
                    "disk_type": "",
                    "image_type": "COS_CONTAINERD",
                    "management": [],
                    "min_cpu_platform": "",
                    "oauth_scopes": [
                      "https://www.googleapis.com/auth/devstorage.read_only",
                      "https://www.googleapis.com/auth/logging.write",
                      "https://www.googleapis.com/auth/monitoring",
                      "https://www.googleapis.com/auth/service.management.readonly",
                      "https://www.googleapis.com/auth/servicecontrol",
                      "https://www.googleapis.com/auth/trace.append"
                    ],
                    "service_account": "default",
                    "shielded_instance_config": [],
                    "upgrade_settings": [
                      {
                        "blue_green_settings": [],
                        "max_surge": 0,
                        "max_unavailable": 0,
                        "strategy": "SURGE"
                      }
                    ]
                  }
                ],
                "autoscaling_profile": "OPTIMIZE_UTILIZATION",
                "enabled": true,
                "resource_limits": [
                  {
                    "maximum": 6,
                    "minimum": 1,
                    "resource_type": "cpu"
                  },
                  {
                    "maximum": 8,
                    "minimum": 2,
                    "resource_type": "memory"
                  }
                ]
              }
            ],
            "cluster_ipv4_cidr": "10.30.0.0/16",
            "cluster_telemetry": [],
            "confidential_nodes": [],
            "cost_management_config": [],
            "database_encryption": [
              {
                "key_name": "",
                "state": "DECRYPTED"
              }
            ],
            "datapath_provider": "",
            "default_max_pods_per_node": 110,
            "default_snat_status": [
              {
                "disabled": false
              }
            ],
            "deletion_protection": true,
            "description": "",
            "dns_config": [],
            "enable_autopilot": false,
            "enable_fqdn_network_policy": false,
            "enable_intranode_visibility": false,
            "enable_k8s_beta_apis": [],
            "enable_kubernetes_alpha": false,
            "enable_l4_ilb_subsetting": false,
            "enable_legacy_abac": false,
            "enable_multi_networking": false,
            "enable_shielded_nodes": true,
            "enable_tpu": false,
            "endpoint": "34.118.124.72",
            "fleet": [],
            "gateway_api_config": [],
            "id": "projects/ethereal-runner-417315/locations/europe-central2-c/clusters/tf-cluster",
            "identity_service_config": [],
            "initial_node_count": 1,
            "ip_allocation_policy": [
              {
                "additional_pod_ranges_config": [],
                "cluster_ipv4_cidr_block": "10.30.0.0/16",
                "cluster_secondary_range_name": "gke-tf-cluster-pods-f4bb6148",
                "pod_cidr_overprovision_config": [
                  {
                    "disabled": false
                  }
                ],
                "services_ipv4_cidr_block": "10.32.176.0/22",
                "services_secondary_range_name": "gke-tf-cluster-services-f4bb6148",
                "stack_type": "IPV4"
              }
            ],
            "label_fingerprint": "a9dc16a7",
            "location": "europe-central2-c",
            "logging_config": [
              {
                "enable_components": []
              }
            ],
            "logging_service": "none",
            "maintenance_policy": [],
            "master_auth": [
              {
                "client_certificate": "",
                "client_certificate_config": [
                  {
                    "issue_client_certificate": false
                  }
                ],
                "client_key": "",
                "cluster_ca_certificate": "LS0tLS1CRUdJTiBDRVJUSUZJQ0FURS0tLS0tCk1JSUVMRENDQXBTZ0F3SUJBZ0lRZFBrK0YwNkJQQUpvOEJCWmZKUjlYREFOQmdrcWhraUc5dzBCQVFzRkFEQXYKTVMwd0t3WURWUVFERXlSa1lURmtOekF3TlMwMk16azJMVFF6Tm1NdFltRXlOQzFpTkdFM1ptSmxaV013WXpZdwpJQmNOTWpRd016RTJNVGd6TkRFd1doZ1BNakExTkRBek1Ea3hPVE0wTVRCYU1DOHhMVEFyQmdOVkJBTVRKR1JoCk1XUTNNREExTFRZek9UWXRORE0yWXkxaVlUSTBMV0kwWVRkbVltVmxZekJqTmpDQ0FhSXdEUVlKS29aSWh2Y04KQVFFQkJRQURnZ0dQQURDQ0FZb0NnZ0dCQUo4ZUpCK0pKTVZCZFlGeVpad1FEQjZUSVlTSi9hRGVrZyt4Y1lyQgowOHBjczAvQWVnVlZnN2E3eE9JN1FaV2NVK0dEWUNISDltK2llMERXWlg4UnFNZStRVjU3ZTJJakdvWm1PVm93ClN3ZHVPcVhuNG9yS1J2VS9KSVMxU2VIeGIvNFNIQXRLNFdxVlJoenY3OHBpbEo3RkszRXF2NFFxOUVXTENLc0EKUldlbHNBc0ZLUWJBTTJjeUVXbHNsWkprSm8xR28wcUZpNTFxV0NnM2libG5YSlhKWm8zUE1zVnRLMFkzdVdsNQpmT2gxeVBhVzBnZlorQkp5bzQ0WVhFVXpsNGNyRm1IeXFIMDJ6VFZ3VnplakhOQUhVeGluODhIUnVDQ2xyRXQwCmVFWVluWnJwS3R1ZnF1SXVBVmF1aFpHMHVWQWRkV3F4Q2tDZXloa1JBYXA3QVlvbHA3L25hUFZSUFJrdHdEUTMKaGFaalJLQXIrUEJjU1NQdWpyMm9RWGVhY0M2MXZSNFlPbGgyc1dabEtNTWJvWUgvVm5QQ2lDcEFZclJuSTRBSwoxVFNWZzdqa2E2K3c0Zi9yU3doMFVLYS94T2JCMnJSR3pJdlozWWVhYXhQclpXMVgrQ1Jkd2lEcnc1cjRtdnFPCit2NlovZG1KdktOMkptUUtGWnBhK1BYUGhRSURBUUFCbzBJd1FEQU9CZ05WSFE4QkFmOEVCQU1DQWdRd0R3WUQKVlIwVEFRSC9CQVV3QXdFQi96QWRCZ05WSFE0RUZnUVVScUVhbUQrRXpoUFR0M3ErR29GR0c5aW1PZDh3RFFZSgpLb1pJaHZjTkFRRUxCUUFEZ2dHQkFIN1cwVyswTkk4SnJneTlQcWRSemZWZkhEdDRZUGhQRTdlTGZxZmFJY2gzCkxqZ2dna0dsMFVodmV6R01tZElrUEhaVkpGUmhIYUt6TWQ1MnFtaCtUZERnVGhhQTN1L3FwYzFWbnI1QmIvTFIKQnd3aEJXUm5DaVZiam4xNXR2MkhOOUFjZk5IMWc5L2hsaEg5SDhMVFp2TU92dzVtVVhKWWxYNm5aS3NrbDRWNwpwUEpRL0hkQnpNZXg4Ynl6bTVVUHFHakM0N1VBZkJPcktOaTUycE9rZGxRQnhzalIwZVRwZ215V0JRbDZTckJFCkc4YXY1K25uRkdGYkFxaStpRU85WEdKb1NURlJhQyt6M2wzeHowRTAzQVE5dmpRMTJwSjFLRjJMMWRoVE41RkIKZFlMOTZoUjQ4SWNCdzJ1WFYyaEIwTlFoeXdmQSt3L2xoTGhRVHM5cDh0Qmt2UW90NzJzYlN5VUJiRFIrTDViMgp5ekRzN24zcm53NEhZTWQrUnlzUjdqYTdCdFh2dDFYTWo4Mi91alZtTGdKWEFwc05oUk9SWDNPc2NaV1JBY2d0CkQ1bytjZ2NoanFWTUFKR280Mjg3WHVLc0xpanNXSnNwajlValpTQ2xzWTIyYXR4a2ZpUVlKZHNkcVVOWGg2WTAKZFVDTDFJNERuY2EvWG96NjdtVGtmUT09Ci0tLS0tRU5EIENFUlRJRklDQVRFLS0tLS0K"
              }
            ],
            "master_authorized_networks_config": [],
            "master_version": "1.27.8-gke.1067004",
            "mesh_certificates": [],
            "min_master_version": null,
            "monitoring_config": [
              {
                "advanced_datapath_observability_config": [
                  {
                    "enable_metrics": false,
                    "enable_relay": false,
                    "relay_mode": "DISABLED"
                  }
                ],
                "enable_components": [
                  "SYSTEM_COMPONENTS"
                ],
                "managed_prometheus": [
                  {
                    "enabled": true
                  }
                ]
              }
            ],
            "monitoring_service": "monitoring.googleapis.com/kubernetes",
            "name": "tf-cluster",
            "network": "projects/ethereal-runner-417315/global/networks/default",
            "network_policy": [
              {
                "enabled": false,
                "provider": "PROVIDER_UNSPECIFIED"
              }
            ],
            "networking_mode": "VPC_NATIVE",
            "node_config": [
              {
                "advanced_machine_features": [],
                "boot_disk_kms_key": "",
                "confidential_nodes": [],
                "disk_size_gb": 100,
                "disk_type": "pd-balanced",
                "effective_taints": [],
                "enable_confidential_storage": false,
                "ephemeral_storage_config": [],
                "ephemeral_storage_local_ssd_config": [],
                "fast_socket": [],
                "gcfs_config": [],
                "guest_accelerator": [],
                "gvnic": [],
                "host_maintenance_policy": [],
                "image_type": "COS_CONTAINERD",
                "kubelet_config": [],
                "labels": {},
                "linux_node_config": [],
                "local_nvme_ssd_block_config": [],
                "local_ssd_count": 0,
                "logging_variant": "DEFAULT",
                "machine_type": "e2-highcpu-2",
                "metadata": {
                  "disable-legacy-endpoints": "true"
                },
                "min_cpu_platform": "",
                "node_group": "",
                "oauth_scopes": [
                  "https://www.googleapis.com/auth/devstorage.read_only",
                  "https://www.googleapis.com/auth/logging.write",
                  "https://www.googleapis.com/auth/monitoring",
                  "https://www.googleapis.com/auth/service.management.readonly",
                  "https://www.googleapis.com/auth/servicecontrol",
                  "https://www.googleapis.com/auth/trace.append"
                ],
                "preemptible": false,
                "reservation_affinity": [],
                "resource_labels": {},
                "resource_manager_tags": {},
                "sandbox_config": [],
                "service_account": "default",
                "shielded_instance_config": [
                  {
                    "enable_integrity_monitoring": true,
                    "enable_secure_boot": false
                  }
                ],
                "sole_tenant_config": [],
                "spot": false,
                "tags": [],
                "taint": [],
                "workload_metadata_config": []
              }
            ],
            "node_locations": [],
            "node_pool": [
              {
                "autoscaling": [
                  {
                    "location_policy": "BALANCED",
                    "max_node_count": 1000,
                    "min_node_count": 0,
                    "total_max_node_count": 0,
                    "total_min_node_count": 0
                  }
                ],
                "initial_node_count": 0,
                "instance_group_urls": [
                  "https://www.googleapis.com/compute/v1/projects/ethereal-runner-417315/zones/europe-central2-c/instanceGroupManagers/gke-tf-cluster-nap-e2-highcpu-2-1pzm0-a1382dc8-grp"
                ],
                "managed_instance_group_urls": [
                  "https://www.googleapis.com/compute/beta/projects/ethereal-runner-417315/zones/europe-central2-c/instanceGroups/gke-tf-cluster-nap-e2-highcpu-2-1pzm0-a1382dc8-grp"
                ],
                "management": [
                  {
                    "auto_repair": true,
                    "auto_upgrade": true
                  }
                ],
                "max_pods_per_node": 110,
                "name": "nap-e2-highcpu-2-1pzm0s3p",
                "name_prefix": "",
                "network_config": [
                  {
                    "additional_node_network_configs": [],
                    "additional_pod_network_configs": [],
                    "create_pod_range": false,
                    "enable_private_nodes": false,
                    "network_performance_config": [],
                    "pod_cidr_overprovision_config": [],
                    "pod_ipv4_cidr_block": "10.30.0.0/16",
                    "pod_range": "gke-tf-cluster-pods-f4bb6148"
                  }
                ],
                "node_config": [
                  {
                    "advanced_machine_features": [],
                    "boot_disk_kms_key": "",
                    "confidential_nodes": [],
                    "disk_size_gb": 100,
                    "disk_type": "pd-balanced",
                    "effective_taints": [],
                    "enable_confidential_storage": false,
                    "ephemeral_storage_config": [],
                    "ephemeral_storage_local_ssd_config": [],
                    "fast_socket": [],
                    "gcfs_config": [],
                    "guest_accelerator": [],
                    "gvnic": [],
                    "host_maintenance_policy": [],
                    "image_type": "COS_CONTAINERD",
                    "kubelet_config": [],
                    "labels": {},
                    "linux_node_config": [],
                    "local_nvme_ssd_block_config": [],
                    "local_ssd_count": 0,
                    "logging_variant": "DEFAULT",
                    "machine_type": "e2-highcpu-2",
                    "metadata": {
                      "disable-legacy-endpoints": "true"
                    },
                    "min_cpu_platform": "",
                    "node_group": "",
                    "oauth_scopes": [
                      "https://www.googleapis.com/auth/devstorage.read_only",
                      "https://www.googleapis.com/auth/logging.write",
                      "https://www.googleapis.com/auth/monitoring",
                      "https://www.googleapis.com/auth/service.management.readonly",
                      "https://www.googleapis.com/auth/servicecontrol",
                      "https://www.googleapis.com/auth/trace.append"
                    ],
                    "preemptible": false,
                    "reservation_affinity": [],
                    "resource_labels": {},
                    "resource_manager_tags": {},
                    "sandbox_config": [],
                    "service_account": "default",
                    "shielded_instance_config": [
                      {
                        "enable_integrity_monitoring": true,
                        "enable_secure_boot": false
                      }
                    ],
                    "sole_tenant_config": [],
                    "spot": false,
                    "tags": [],
                    "taint": [],
                    "workload_metadata_config": []
                  }
                ],
                "node_count": 1,
                "node_locations": [
                  "europe-central2-c"
                ],
                "placement_policy": [
                  {
                    "policy_name": "",
                    "tpu_topology": "",
                    "type": ""
                  }
                ],
                "queued_provisioning": [],
                "upgrade_settings": [
                  {
                    "blue_green_settings": [],
                    "max_surge": 1,
                    "max_unavailable": 0,
                    "strategy": "SURGE"
                  }
                ],
                "version": "1.27.8-gke.1067004"
              },
              {
                "autoscaling": [
                  {
                    "location_policy": "ANY",
                    "max_node_count": 4,
                    "min_node_count": 1,
                    "total_max_node_count": 0,
                    "total_min_node_count": 0
                  }
                ],
                "initial_node_count": 3,
                "instance_group_urls": [
                  "https://www.googleapis.com/compute/v1/projects/ethereal-runner-417315/zones/europe-central2-c/instanceGroupManagers/gke-tf-cluster-tf-cluster-pool-a7d64b37-grp"
                ],
                "managed_instance_group_urls": [
                  "https://www.googleapis.com/compute/beta/projects/ethereal-runner-417315/zones/europe-central2-c/instanceGroups/gke-tf-cluster-tf-cluster-pool-a7d64b37-grp"
                ],
                "management": [
                  {
                    "auto_repair": true,
                    "auto_upgrade": true
                  }
                ],
                "max_pods_per_node": 110,
                "name": "tf-cluster-pool",
                "name_prefix": "",
                "network_config": [
                  {
                    "additional_node_network_configs": [],
                    "additional_pod_network_configs": [],
                    "create_pod_range": false,
                    "enable_private_nodes": false,
                    "network_performance_config": [],
                    "pod_cidr_overprovision_config": [],
                    "pod_ipv4_cidr_block": "10.30.0.0/16",
                    "pod_range": "gke-tf-cluster-pods-f4bb6148"
                  }
                ],
                "node_config": [
                  {
                    "advanced_machine_features": [],
                    "boot_disk_kms_key": "",
                    "confidential_nodes": [],
                    "disk_size_gb": 30,
                    "disk_type": "pd-balanced",
                    "effective_taints": [],
                    "enable_confidential_storage": false,
                    "ephemeral_storage_config": [],
                    "ephemeral_storage_local_ssd_config": [],
                    "fast_socket": [],
                    "gcfs_config": [],
                    "guest_accelerator": [],
                    "gvnic": [],
                    "host_maintenance_policy": [],
                    "image_type": "COS_CONTAINERD",
                    "kubelet_config": [],
                    "labels": {},
                    "linux_node_config": [],
                    "local_nvme_ssd_block_config": [],
                    "local_ssd_count": 0,
                    "logging_variant": "DEFAULT",
                    "machine_type": "e2-micro",
                    "metadata": {
                      "disable-legacy-endpoints": "true"
                    },
                    "min_cpu_platform": "",
                    "node_group": "",
                    "oauth_scopes": [
                      "https://www.googleapis.com/auth/cloud-platform",
                      "https://www.googleapis.com/auth/compute",
                      "https://www.googleapis.com/auth/devstorage.read_only",
                      "https://www.googleapis.com/auth/logging.write",
                      "https://www.googleapis.com/auth/monitoring"
                    ],
                    "preemptible": false,
                    "reservation_affinity": [],
                    "resource_labels": {},
                    "resource_manager_tags": {},
                    "sandbox_config": [],
                    "service_account": "default",
                    "shielded_instance_config": [
                      {
                        "enable_integrity_monitoring": true,
                        "enable_secure_boot": false
                      }
                    ],
                    "sole_tenant_config": [],
                    "spot": true,
                    "tags": [],
                    "taint": [],
                    "workload_metadata_config": []
                  }
                ],
                "node_count": 1,
                "node_locations": [
                  "europe-central2-c"
                ],
                "placement_policy": [],
                "queued_provisioning": [],
                "upgrade_settings": [
                  {
                    "blue_green_settings": [],
                    "max_surge": 1,
                    "max_unavailable": 0,
                    "strategy": "SURGE"
                  }
                ],
                "version": "1.27.8-gke.1067004"
              }
            ],
            "node_pool_auto_config": [],
            "node_pool_defaults": [
              {
                "node_config_defaults": [
                  {
                    "gcfs_config": [],
                    "logging_variant": "DEFAULT"
                  }
                ]
              }
            ],
            "node_version": "1.27.8-gke.1067004",
            "notification_config": [
              {
                "pubsub": [
                  {
                    "enabled": false,
                    "filter": [],
                    "topic": ""
                  }
                ]
              }
            ],
            "operation": null,
            "pod_security_policy_config": [
              {
                "enabled": false
              }
            ],
            "private_cluster_config": [
              {
                "enable_private_endpoint": false,
                "enable_private_nodes": false,
                "master_global_access_config": [
                  {
                    "enabled": false
                  }
                ],
                "master_ipv4_cidr_block": "",
                "peering_name": "",
                "private_endpoint": "10.186.0.2",
                "private_endpoint_subnetwork": "",
                "public_endpoint": "34.118.124.72"
              }
            ],
            "private_ipv6_google_access": "",
            "project": "ethereal-runner-417315",
            "protect_config": [
              {
                "workload_config": [
                  {
                    "audit_mode": "BASIC"
                  }
                ],
                "workload_vulnerability_mode": "WORKLOAD_VULNERABILITY_MODE_UNSPECIFIED"
              }
            ],
            "release_channel": [
              {
                "channel": "STABLE"
              }
            ],
            "remove_default_node_pool": true,
            "resource_labels": {},
            "resource_usage_export_config": [],
            "security_posture_config": [
              {
                "mode": "BASIC",
                "vulnerability_mode": "VULNERABILITY_MODE_UNSPECIFIED"
              }
            ],
            "self_link": "https://container.googleapis.com/v1beta1/projects/ethereal-runner-417315/zones/europe-central2-c/clusters/tf-cluster",
            "service_external_ips_config": [
              {
                "enabled": false
              }
            ],
            "services_ipv4_cidr": "10.32.176.0/22",
            "subnetwork": "projects/ethereal-runner-417315/regions/europe-central2/subnetworks/default",
            "timeouts": {
              "create": "20m",
              "delete": null,
              "read": null,
              "update": "20m"
            },
            "tpu_config": [],
            "tpu_ipv4_cidr_block": "",
            "vertical_pod_autoscaling": [],
            "workload_alts_config": [],
            "workload_identity_config": []
          },
          "sensitive_attributes": [],
          "private": "eyJlMmJmYjczMC1lY2FhLTExZTYtOGY4OC0zNDM2M2JjN2M0YzAiOnsiY3JlYXRlIjoxMjAwMDAwMDAwMDAwLCJkZWxldGUiOjI0MDAwMDAwMDAwMDAsInJlYWQiOjI0MDAwMDAwMDAwMDAsInVwZGF0ZSI6MTIwMDAwMDAwMDAwMH0sInNjaGVtYV92ZXJzaW9uIjoiMiJ9"
        }
      ]
    },
    {
      "module": "module.gke_cluster",
      "mode": "managed",
      "type": "google_container_node_pool",
      "name": "primary_nodes",
      "provider": "provider[\"registry.terraform.io/hashicorp/google\"]",
      "instances": [
        {
          "schema_version": 1,
          "attributes": {
            "autoscaling": [
              {
                "location_policy": "ANY",
                "max_node_count": 4,
                "min_node_count": 1,
                "total_max_node_count": 0,
                "total_min_node_count": 0
              }
            ],
            "cluster": "tf-cluster",
            "id": "projects/ethereal-runner-417315/locations/europe-central2-c/clusters/tf-cluster/nodePools/tf-cluster-pool",
            "initial_node_count": 3,
            "instance_group_urls": [
              "https://www.googleapis.com/compute/v1/projects/ethereal-runner-417315/zones/europe-central2-c/instanceGroupManagers/gke-tf-cluster-tf-cluster-pool-a7d64b37-grp"
            ],
            "location": "europe-central2-c",
            "managed_instance_group_urls": [
              "https://www.googleapis.com/compute/v1/projects/ethereal-runner-417315/zones/europe-central2-c/instanceGroups/gke-tf-cluster-tf-cluster-pool-a7d64b37-grp"
            ],
            "management": [
              {
                "auto_repair": true,
                "auto_upgrade": true
              }
            ],
            "max_pods_per_node": 110,
            "name": "tf-cluster-pool",
            "name_prefix": "",
            "network_config": [
              {
                "create_pod_range": false,
                "enable_private_nodes": false,
                "network_performance_config": [],
                "pod_cidr_overprovision_config": [],
                "pod_ipv4_cidr_block": "10.30.0.0/16",
                "pod_range": "gke-tf-cluster-pods-f4bb6148"
              }
            ],
            "node_config": [
              {
                "advanced_machine_features": [],
                "boot_disk_kms_key": "",
                "confidential_nodes": [],
                "disk_size_gb": 30,
                "disk_type": "pd-balanced",
                "effective_taints": [],
                "enable_confidential_storage": false,
                "ephemeral_storage_local_ssd_config": [],
                "fast_socket": [],
                "gcfs_config": [],
                "guest_accelerator": [],
                "gvnic": [],
                "host_maintenance_policy": [],
                "image_type": "COS_CONTAINERD",
                "kubelet_config": [],
                "labels": {},
                "linux_node_config": [],
                "local_nvme_ssd_block_config": [],
                "local_ssd_count": 0,
                "logging_variant": "DEFAULT",
                "machine_type": "e2-micro",
                "metadata": {
                  "disable-legacy-endpoints": "true"
                },
                "min_cpu_platform": "",
                "node_group": "",
                "oauth_scopes": [
                  "https://www.googleapis.com/auth/cloud-platform",
                  "https://www.googleapis.com/auth/compute",
                  "https://www.googleapis.com/auth/devstorage.read_only",
                  "https://www.googleapis.com/auth/logging.write",
                  "https://www.googleapis.com/auth/monitoring"
                ],
                "preemptible": false,
                "reservation_affinity": [],
                "resource_labels": {},
                "resource_manager_tags": {},
                "service_account": "default",
                "shielded_instance_config": [
                  {
                    "enable_integrity_monitoring": true,
                    "enable_secure_boot": false
                  }
                ],
                "sole_tenant_config": [],
                "spot": true,
                "tags": [],
                "taint": [],
                "workload_metadata_config": []
              }
            ],
            "node_count": 1,
            "node_locations": [
              "europe-central2-c"
            ],
            "operation": null,
            "placement_policy": [],
            "project": "ethereal-runner-417315",
            "queued_provisioning": [],
            "timeouts": {
              "create": "20m",
              "delete": null,
              "update": "20m"
            },
            "upgrade_settings": [
              {
                "blue_green_settings": [],
                "max_surge": 1,
                "max_unavailable": 0,
                "strategy": "SURGE"
              }
            ],
            "version": "1.27.8-gke.1067004"
          },
          "sensitive_attributes": [],
          "private": "eyJlMmJmYjczMC1lY2FhLTExZTYtOGY4OC0zNDM2M2JjN2M0YzAiOnsiY3JlYXRlIjoxMjAwMDAwMDAwMDAwLCJkZWxldGUiOjE4MDAwMDAwMDAwMDAsInVwZGF0ZSI6MTIwMDAwMDAwMDAwMH0sInNjaGVtYV92ZXJzaW9uIjoiMSJ9",
          "dependencies": [
            "module.gke_cluster.google_container_cluster.gke_cluster"
          ]
        }
      ]
    },
    {
      "module": "module.gke_db_cluster",
      "mode": "data",
      "type": "google_compute_network",
      "name": "db-vpc-net",
      "provider": "provider[\"registry.terraform.io/hashicorp/google\"]",
      "instances": [
        {
          "schema_version": 0,
          "attributes": {
            "description": "",
            "gateway_ipv4": "",
            "id": "projects/ethereal-runner-417315/global/networks/db-vpc-net",
            "internal_ipv6_range": "",
            "name": "db-vpc-net",
            "project": null,
            "self_link": "https://www.googleapis.com/compute/v1/projects/ethereal-runner-417315/global/networks/db-vpc-net",
            "subnetworks_self_links": []
          },
          "sensitive_attributes": []
        }
      ]
    },
    {
      "module": "module.gke_db_cluster",
      "mode": "data",
      "type": "google_compute_network",
      "name": "default",
      "provider": "provider[\"registry.terraform.io/hashicorp/google\"]",
      "instances": [
        {
          "schema_version": 0,
          "attributes": {
            "description": "Default network for the project",
            "gateway_ipv4": "",
            "id": "projects/ethereal-runner-417315/global/networks/default",
            "internal_ipv6_range": "",
            "name": "default",
            "project": null,
            "self_link": "https://www.googleapis.com/compute/v1/projects/ethereal-runner-417315/global/networks/default",
            "subnetworks_self_links": [
              "https://www.googleapis.com/compute/v1/projects/ethereal-runner-417315/regions/asia-northeast2/subnetworks/default",
              "https://www.googleapis.com/compute/v1/projects/ethereal-runner-417315/regions/us-west2/subnetworks/default",
              "https://www.googleapis.com/compute/v1/projects/ethereal-runner-417315/regions/australia-southeast1/subnetworks/default",
              "https://www.googleapis.com/compute/v1/projects/ethereal-runner-417315/regions/asia-southeast1/subnetworks/default",
              "https://www.googleapis.com/compute/v1/projects/ethereal-runner-417315/regions/us-west8/subnetworks/default",
              "https://www.googleapis.com/compute/v1/projects/ethereal-runner-417315/regions/europe-north1/subnetworks/default",
              "https://www.googleapis.com/compute/v1/projects/ethereal-runner-417315/regions/europe-west9/subnetworks/default",
              "https://www.googleapis.com/compute/v1/projects/ethereal-runner-417315/regions/europe-west8/subnetworks/default",
              "https://www.googleapis.com/compute/v1/projects/ethereal-runner-417315/regions/us-central1/subnetworks/default",
              "https://www.googleapis.com/compute/v1/projects/ethereal-runner-417315/regions/europe-southwest1/subnetworks/default",
              "https://www.googleapis.com/compute/v1/projects/ethereal-runner-417315/regions/asia-east1/subnetworks/default",
              "https://www.googleapis.com/compute/v1/projects/ethereal-runner-417315/regions/us-east4/subnetworks/default",
              "https://www.googleapis.com/compute/v1/projects/ethereal-runner-417315/regions/us-west3/subnetworks/default",
              "https://www.googleapis.com/compute/v1/projects/ethereal-runner-417315/regions/europe-west3/subnetworks/default",
              "https://www.googleapis.com/compute/v1/projects/ethereal-runner-417315/regions/us-south1/subnetworks/default",
              "https://www.googleapis.com/compute/v1/projects/ethereal-runner-417315/regions/asia-northeast1/subnetworks/default",
              "https://www.googleapis.com/compute/v1/projects/ethereal-runner-417315/regions/europe-central2/subnetworks/default",
              "https://www.googleapis.com/compute/v1/projects/ethereal-runner-417315/regions/northamerica-northeast2/subnetworks/default",
              "https://www.googleapis.com/compute/v1/projects/ethereal-runner-417315/regions/asia-east2/subnetworks/default",
              "https://www.googleapis.com/compute/v1/projects/ethereal-runner-417315/regions/asia-south1/subnetworks/default",
              "https://www.googleapis.com/compute/v1/projects/ethereal-runner-417315/regions/europe-west10/subnetworks/default",
              "https://www.googleapis.com/compute/v1/projects/ethereal-runner-417315/regions/us-west4/subnetworks/default",
              "https://www.googleapis.com/compute/v1/projects/ethereal-runner-417315/regions/asia-southeast2/subnetworks/default",
              "https://www.googleapis.com/compute/v1/projects/ethereal-runner-417315/regions/us-east7/subnetworks/default",
              "https://www.googleapis.com/compute/v1/projects/ethereal-runner-417315/regions/australia-southeast2/subnetworks/default",
              "https://www.googleapis.com/compute/v1/projects/ethereal-runner-417315/regions/southamerica-west1/subnetworks/default",
              "https://www.googleapis.com/compute/v1/projects/ethereal-runner-417315/regions/europe-west12/subnetworks/default",
              "https://www.googleapis.com/compute/v1/projects/ethereal-runner-417315/regions/me-central2/subnetworks/default",
              "https://www.googleapis.com/compute/v1/projects/ethereal-runner-417315/regions/northamerica-northeast1/subnetworks/default",
              "https://www.googleapis.com/compute/v1/projects/ethereal-runner-417315/regions/us-east5/subnetworks/default",
              "https://www.googleapis.com/compute/v1/projects/ethereal-runner-417315/regions/me-central1/subnetworks/default",
              "https://www.googleapis.com/compute/v1/projects/ethereal-runner-417315/regions/europe-west2/subnetworks/default",
              "https://www.googleapis.com/compute/v1/projects/ethereal-runner-417315/regions/southamerica-east1/subnetworks/default",
              "https://www.googleapis.com/compute/v1/projects/ethereal-runner-417315/regions/us-east1/subnetworks/default",
              "https://www.googleapis.com/compute/v1/projects/ethereal-runner-417315/regions/europe-west6/subnetworks/default",
              "https://www.googleapis.com/compute/v1/projects/ethereal-runner-417315/regions/us-west1/subnetworks/default",
              "https://www.googleapis.com/compute/v1/projects/ethereal-runner-417315/regions/europe-west1/subnetworks/default",
              "https://www.googleapis.com/compute/v1/projects/ethereal-runner-417315/regions/asia-northeast3/subnetworks/default",
              "https://www.googleapis.com/compute/v1/projects/ethereal-runner-417315/regions/asia-south2/subnetworks/default",
              "https://www.googleapis.com/compute/v1/projects/ethereal-runner-417315/regions/africa-south1/subnetworks/default",
              "https://www.googleapis.com/compute/v1/projects/ethereal-runner-417315/regions/europe-west4/subnetworks/default",
              "https://www.googleapis.com/compute/v1/projects/ethereal-runner-417315/regions/me-west1/subnetworks/default"
            ]
          },
          "sensitive_attributes": []
        }
      ]
    },
    {
      "module": "module.gke_db_cluster",
      "mode": "data",
      "type": "google_secret_manager_secret_version",
      "name": "db-name",
      "provider": "provider[\"registry.terraform.io/hashicorp/google-beta\"]",
      "instances": [
        {
          "schema_version": 0,
          "attributes": {
            "create_time": "2024-03-29T14:32:01.789499Z",
            "destroy_time": null,
            "enabled": true,
            "id": "projects/26240838587/secrets/DB_NAME/versions/1",
            "name": "projects/26240838587/secrets/DB_NAME/versions/1",
            "project": "ethereal-runner-417315",
            "secret": "DB_NAME",
            "secret_data": "dok_tele_status_db",
            "version": "1"
          },
          "sensitive_attributes": []
        }
      ]
    },
    {
      "module": "module.gke_db_cluster",
      "mode": "data",
      "type": "google_secret_manager_secret_version",
      "name": "db-pass",
      "provider": "provider[\"registry.terraform.io/hashicorp/google-beta\"]",
      "instances": [
        {
          "schema_version": 0,
          "attributes": {
            "create_time": "2024-03-29T14:35:10.753367Z",
            "destroy_time": null,
            "enabled": true,
            "id": "projects/26240838587/secrets/DB_PASS/versions/1",
            "name": "projects/26240838587/secrets/DB_PASS/versions/1",
            "project": "ethereal-runner-417315",
            "secret": "DB_PASS",
            "secret_data": "6RE#P92\u003eA\u0026Ug#",
            "version": "1"
          },
          "sensitive_attributes": []
        }
      ]
    },
    {
      "module": "module.gke_db_cluster",
      "mode": "data",
      "type": "google_secret_manager_secret_version",
      "name": "db-user-name",
      "provider": "provider[\"registry.terraform.io/hashicorp/google-beta\"]",
      "instances": [
        {
          "schema_version": 0,
          "attributes": {
            "create_time": "2024-03-29T14:34:12.250798Z",
            "destroy_time": null,
            "enabled": true,
            "id": "projects/26240838587/secrets/DB_USER_NAME/versions/1",
            "name": "projects/26240838587/secrets/DB_USER_NAME/versions/1",
            "project": "ethereal-runner-417315",
            "secret": "DB_USER_NAME",
            "secret_data": "dok_tele_user",
            "version": "1"
          },
          "sensitive_attributes": []
        }
      ]
    },
    {
      "module": "module.gke_db_cluster",
      "mode": "managed",
      "type": "google_compute_firewall",
      "name": "allow_postgres_from_gke",
      "provider": "provider[\"registry.terraform.io/hashicorp/google\"]",
      "instances": [
        {
          "schema_version": 1,
          "attributes": {
            "allow": [
              {
                "ports": [
                  "5432"
                ],
                "protocol": "tcp"
              }
            ],
            "creation_timestamp": "2024-03-30T05:25:08.443-07:00",
            "deny": [],
            "description": "",
            "destination_ranges": [],
            "direction": "INGRESS",
            "disabled": false,
            "enable_logging": null,
            "id": "projects/ethereal-runner-417315/global/firewalls/allow-postgres-from-gke",
            "log_config": [],
            "name": "allow-postgres-from-gke",
            "network": "https://www.googleapis.com/compute/v1/projects/ethereal-runner-417315/global/networks/db-vpc-net",
            "priority": 1000,
            "project": "ethereal-runner-417315",
            "self_link": "https://www.googleapis.com/compute/v1/projects/ethereal-runner-417315/global/firewalls/allow-postgres-from-gke",
            "source_ranges": [
              "10.30.0.0/16"
            ],
            "source_service_accounts": null,
            "source_tags": [
              "tf-cluster"
            ],
            "target_service_accounts": null,
            "target_tags": [
              "tf-cluster-db"
            ],
            "timeouts": null
          },
          "sensitive_attributes": [],
          "private": "eyJlMmJmYjczMC1lY2FhLTExZTYtOGY4OC0zNDM2M2JjN2M0YzAiOnsiY3JlYXRlIjoxMjAwMDAwMDAwMDAwLCJkZWxldGUiOjEyMDAwMDAwMDAwMDAsInVwZGF0ZSI6MTIwMDAwMDAwMDAwMH0sInNjaGVtYV92ZXJzaW9uIjoiMSJ9",
          "dependencies": [
            "module.gke_db_cluster.data.google_compute_network.db-vpc-net"
          ]
        }
      ]
    },
    {
      "module": "module.gke_db_cluster",
      "mode": "managed",
      "type": "google_compute_global_address",
      "name": "private_ip_address",
      "provider": "provider[\"registry.terraform.io/hashicorp/google\"]",
      "instances": [
        {
          "schema_version": 0,
          "attributes": {
            "address": "10.140.0.0",
            "address_type": "INTERNAL",
            "creation_timestamp": "2024-03-29T03:03:27.216-07:00",
            "description": "",
            "id": "projects/ethereal-runner-417315/global/addresses/db-vpc-net",
            "ip_version": "",
            "name": "db-vpc-net",
            "network": "https://www.googleapis.com/compute/v1/projects/ethereal-runner-417315/global/networks/db-vpc-net",
            "prefix_length": 16,
            "project": "ethereal-runner-417315",
            "purpose": "VPC_PEERING",
            "self_link": "https://www.googleapis.com/compute/v1/projects/ethereal-runner-417315/global/addresses/db-vpc-net",
            "timeouts": null
          },
          "sensitive_attributes": [],
          "private": "eyJlMmJmYjczMC1lY2FhLTExZTYtOGY4OC0zNDM2M2JjN2M0YzAiOnsiY3JlYXRlIjoxMjAwMDAwMDAwMDAwLCJkZWxldGUiOjEyMDAwMDAwMDAwMDB9fQ==",
          "dependencies": [
            "module.gke_db_cluster.google_compute_network.private_network"
          ]
        }
      ]
    },
    {
      "module": "module.gke_db_cluster",
      "mode": "managed",
      "type": "google_compute_network",
      "name": "private_network",
      "provider": "provider[\"registry.terraform.io/hashicorp/google\"]",
      "instances": [
        {
          "schema_version": 0,
          "attributes": {
            "auto_create_subnetworks": false,
            "delete_default_routes_on_create": false,
            "description": "",
            "enable_ula_internal_ipv6": false,
            "gateway_ipv4": "",
            "id": "projects/ethereal-runner-417315/global/networks/db-vpc-net",
            "internal_ipv6_range": "",
            "mtu": 0,
            "name": "db-vpc-net",
            "network_firewall_policy_enforcement_order": "AFTER_CLASSIC_FIREWALL",
            "numeric_id": "6953924149813915404",
            "project": "ethereal-runner-417315",
            "routing_mode": "REGIONAL",
            "self_link": "https://www.googleapis.com/compute/v1/projects/ethereal-runner-417315/global/networks/db-vpc-net",
            "timeouts": null
          },
          "sensitive_attributes": [],
          "private": "eyJlMmJmYjczMC1lY2FhLTExZTYtOGY4OC0zNDM2M2JjN2M0YzAiOnsiY3JlYXRlIjoxMjAwMDAwMDAwMDAwLCJkZWxldGUiOjEyMDAwMDAwMDAwMDAsInVwZGF0ZSI6MTIwMDAwMDAwMDAwMH19"
        }
      ]
    },
    {
      "module": "module.gke_db_cluster",
      "mode": "managed",
      "type": "google_compute_network_peering",
      "name": "default_to_db",
      "provider": "provider[\"registry.terraform.io/hashicorp/google\"]",
      "instances": [
        {
          "schema_version": 0,
          "attributes": {
            "export_custom_routes": false,
            "export_subnet_routes_with_public_ip": true,
            "id": "default/default-to-db-peering",
            "import_custom_routes": false,
            "import_subnet_routes_with_public_ip": false,
            "name": "default-to-db-peering",
            "network": "https://www.googleapis.com/compute/v1/projects/ethereal-runner-417315/global/networks/default",
            "peer_network": "https://www.googleapis.com/compute/v1/projects/ethereal-runner-417315/global/networks/db-vpc-net",
            "stack_type": "IPV4_ONLY",
            "state": "INACTIVE",
            "state_details": "[2024-03-30T05:21:16.786-07:00]: Waiting for peer network to connect.",
            "timeouts": null
          },
          "sensitive_attributes": [],
          "private": "eyJlMmJmYjczMC1lY2FhLTExZTYtOGY4OC0zNDM2M2JjN2M0YzAiOnsiY3JlYXRlIjoyNDAwMDAwMDAwMDAsImRlbGV0ZSI6MjQwMDAwMDAwMDAwLCJ1cGRhdGUiOjI0MDAwMDAwMDAwMH19",
          "dependencies": [
            "module.gke_db_cluster.data.google_compute_network.db-vpc-net",
            "module.gke_db_cluster.data.google_compute_network.default"
          ]
        }
      ]
    },
    {
      "module": "module.gke_db_cluster",
      "mode": "managed",
      "type": "google_secret_manager_secret",
      "name": "db-name",
      "provider": "provider[\"registry.terraform.io/hashicorp/google-beta\"]",
      "instances": [
        {
          "schema_version": 0,
          "attributes": {
            "annotations": {},
            "create_time": "2024-03-29T14:30:08.553614Z",
            "effective_annotations": {},
            "effective_labels": {},
            "expire_time": "",
            "id": "projects/ethereal-runner-417315/secrets/DB_NAME",
            "labels": {},
            "name": "projects/26240838587/secrets/DB_NAME",
            "project": "ethereal-runner-417315",
            "replication": [
              {
                "auto": [
                  {
                    "customer_managed_encryption": []
                  }
                ],
                "user_managed": []
              }
            ],
            "rotation": [],
            "secret_id": "DB_NAME",
            "terraform_labels": {},
            "timeouts": null,
            "topics": [],
            "ttl": null,
            "version_aliases": {}
          },
          "sensitive_attributes": [],
          "private": "eyJlMmJmYjczMC1lY2FhLTExZTYtOGY4OC0zNDM2M2JjN2M0YzAiOnsiY3JlYXRlIjoxMjAwMDAwMDAwMDAwLCJkZWxldGUiOjEyMDAwMDAwMDAwMDAsInVwZGF0ZSI6MTIwMDAwMDAwMDAwMH19"
        }
      ]
    },
    {
      "module": "module.gke_db_cluster",
      "mode": "managed",
      "type": "google_secret_manager_secret",
      "name": "db-pass",
      "provider": "provider[\"registry.terraform.io/hashicorp/google-beta\"]",
      "instances": [
        {
          "schema_version": 0,
          "attributes": {
            "annotations": {},
            "create_time": "2024-03-29T14:30:09.558327Z",
            "effective_annotations": {},
            "effective_labels": {},
            "expire_time": "",
            "id": "projects/ethereal-runner-417315/secrets/DB_PASS",
            "labels": {},
            "name": "projects/26240838587/secrets/DB_PASS",
            "project": "ethereal-runner-417315",
            "replication": [
              {
                "auto": [
                  {
                    "customer_managed_encryption": []
                  }
                ],
                "user_managed": []
              }
            ],
            "rotation": [],
            "secret_id": "DB_PASS",
            "terraform_labels": {},
            "timeouts": null,
            "topics": [],
            "ttl": null,
            "version_aliases": {}
          },
          "sensitive_attributes": [],
          "private": "eyJlMmJmYjczMC1lY2FhLTExZTYtOGY4OC0zNDM2M2JjN2M0YzAiOnsiY3JlYXRlIjoxMjAwMDAwMDAwMDAwLCJkZWxldGUiOjEyMDAwMDAwMDAwMDAsInVwZGF0ZSI6MTIwMDAwMDAwMDAwMH19"
        }
      ]
    },
    {
      "module": "module.gke_db_cluster",
      "mode": "managed",
      "type": "google_secret_manager_secret",
      "name": "db-user-name",
      "provider": "provider[\"registry.terraform.io/hashicorp/google-beta\"]",
      "instances": [
        {
          "schema_version": 0,
          "attributes": {
            "annotations": {},
            "create_time": "2024-03-29T14:30:09.545595Z",
            "effective_annotations": {},
            "effective_labels": {},
            "expire_time": "",
            "id": "projects/ethereal-runner-417315/secrets/DB_USER_NAME",
            "labels": {},
            "name": "projects/26240838587/secrets/DB_USER_NAME",
            "project": "ethereal-runner-417315",
            "replication": [
              {
                "auto": [
                  {
                    "customer_managed_encryption": []
                  }
                ],
                "user_managed": []
              }
            ],
            "rotation": [],
            "secret_id": "DB_USER_NAME",
            "terraform_labels": {},
            "timeouts": null,
            "topics": [],
            "ttl": null,
            "version_aliases": {}
          },
          "sensitive_attributes": [],
          "private": "eyJlMmJmYjczMC1lY2FhLTExZTYtOGY4OC0zNDM2M2JjN2M0YzAiOnsiY3JlYXRlIjoxMjAwMDAwMDAwMDAwLCJkZWxldGUiOjEyMDAwMDAwMDAwMDAsInVwZGF0ZSI6MTIwMDAwMDAwMDAwMH19"
        }
      ]
    },
    {
      "module": "module.gke_db_cluster",
      "mode": "managed",
      "type": "google_service_networking_connection",
      "name": "default",
      "provider": "provider[\"registry.terraform.io/hashicorp/google\"]",
      "instances": [
        {
          "schema_version": 0,
          "attributes": {
            "deletion_policy": null,
            "id": "projects%2Fethereal-runner-417315%2Fglobal%2Fnetworks%2Fdb-vpc-net:servicenetworking.googleapis.com",
            "network": "projects/ethereal-runner-417315/global/networks/db-vpc-net",
            "peering": "servicenetworking-googleapis-com",
            "reserved_peering_ranges": [
              "db-vpc-net"
            ],
            "service": "servicenetworking.googleapis.com",
            "timeouts": null
          },
          "sensitive_attributes": [],
          "private": "eyJlMmJmYjczMC1lY2FhLTExZTYtOGY4OC0zNDM2M2JjN2M0YzAiOnsiY3JlYXRlIjo2MDAwMDAwMDAwMDAsImRlbGV0ZSI6NjAwMDAwMDAwMDAwLCJ1cGRhdGUiOjYwMDAwMDAwMDAwMH19",
          "dependencies": [
            "module.gke_db_cluster.google_compute_global_address.private_ip_address",
            "module.gke_db_cluster.google_compute_network.private_network"
          ]
        }
      ]
    },
    {
      "module": "module.gke_db_cluster",
      "mode": "managed",
      "type": "google_sql_database",
      "name": "database",
      "provider": "provider[\"registry.terraform.io/hashicorp/google\"]",
      "instances": [
        {
          "schema_version": 0,
          "attributes": {
            "charset": "UTF8",
            "collation": "en_US.UTF8",
            "deletion_policy": "DELETE",
            "id": "projects/ethereal-runner-417315/instances/tf-cluster-db-6482/databases/dok_tele_status_db",
            "instance": "tf-cluster-db-6482",
            "name": "dok_tele_status_db",
            "project": "ethereal-runner-417315",
            "self_link": "https://sqladmin.googleapis.com/sql/v1beta4/projects/ethereal-runner-417315/instances/tf-cluster-db-6482/databases/dok_tele_status_db",
            "timeouts": null
          },
          "sensitive_attributes": [
            [
              {
                "type": "get_attr",
                "value": "name"
              }
            ]
          ],
          "private": "eyJlMmJmYjczMC1lY2FhLTExZTYtOGY4OC0zNDM2M2JjN2M0YzAiOnsiY3JlYXRlIjoxMjAwMDAwMDAwMDAwLCJkZWxldGUiOjEyMDAwMDAwMDAwMDAsInVwZGF0ZSI6MTIwMDAwMDAwMDAwMH19",
          "dependencies": [
            "module.gke_db_cluster.data.google_secret_manager_secret_version.db-name",
            "module.gke_db_cluster.google_compute_global_address.private_ip_address",
            "module.gke_db_cluster.google_compute_network.private_network",
            "module.gke_db_cluster.google_secret_manager_secret.db-name",
            "module.gke_db_cluster.google_service_networking_connection.default",
            "module.gke_db_cluster.google_sql_database_instance.master",
            "module.gke_db_cluster.random_id.db_name_suffix_master"
          ]
        }
      ]
    },
    {
      "module": "module.gke_db_cluster",
      "mode": "managed",
      "type": "google_sql_database_instance",
      "name": "master",
      "provider": "provider[\"registry.terraform.io/hashicorp/google\"]",
      "instances": [
        {
          "schema_version": 0,
          "attributes": {
            "available_maintenance_versions": [],
            "clone": [],
            "connection_name": "ethereal-runner-417315:europe-central2:tf-cluster-db-6482",
            "database_version": "POSTGRES_11",
            "deletion_protection": false,
            "dns_name": "",
            "encryption_key_name": null,
            "first_ip_address": "34.118.48.159",
            "id": "tf-cluster-db-6482",
            "instance_type": "CLOUD_SQL_INSTANCE",
            "ip_address": [
              {
                "ip_address": "34.118.48.159",
                "time_to_retire": "",
                "type": "PRIMARY"
              },
              {
                "ip_address": "10.140.0.2",
                "time_to_retire": "",
                "type": "PRIVATE"
              }
            ],
            "maintenance_version": "POSTGRES_11_22.R20240130.00_07",
            "master_instance_name": "",
            "name": "tf-cluster-db-6482",
            "private_ip_address": "10.140.0.2",
            "project": "ethereal-runner-417315",
            "psc_service_attachment_link": "",
            "public_ip_address": "34.118.48.159",
            "region": "europe-central2",
            "replica_configuration": [],
            "restore_backup_context": [],
            "root_password": null,
            "self_link": "https://sqladmin.googleapis.com/sql/v1beta4/projects/ethereal-runner-417315/instances/tf-cluster-db-6482",
            "server_ca_cert": [
              {
                "cert": "-----BEGIN CERTIFICATE-----\nMIIDfzCCAmegAwIBAgIBADANBgkqhkiG9w0BAQsFADB3MS0wKwYDVQQuEyRmZjI4\nNTdmNy03MWE1LTRmNzEtOTg5Mi1jMGYwZjA2ODQ3YjIxIzAhBgNVBAMTGkdvb2ds\nZSBDbG91ZCBTUUwgU2VydmVyIENBMRQwEgYDVQQKEwtHb29nbGUsIEluYzELMAkG\nA1UEBhMCVVMwHhcNMjQwMzI5MTMxOTAwWhcNMzQwMzI3MTMyMDAwWjB3MS0wKwYD\nVQQuEyRmZjI4NTdmNy03MWE1LTRmNzEtOTg5Mi1jMGYwZjA2ODQ3YjIxIzAhBgNV\nBAMTGkdvb2dsZSBDbG91ZCBTUUwgU2VydmVyIENBMRQwEgYDVQQKEwtHb29nbGUs\nIEluYzELMAkGA1UEBhMCVVMwggEiMA0GCSqGSIb3DQEBAQUAA4IBDwAwggEKAoIB\nAQC6PA3x/8bwgzR2X3hvQaWkUkCWonpjO5+1vWbXLLgyuGr08NwdhR5KJJmW5xPx\nvVM1VCKMmFghC0Xaj5Ihk33rPMJTKPwVsMc36pV8YoIrzFGu4ki4drTZS7+w9vFK\nxeneO7wT8FUtpIXlR4MoVDklrIzJ64mVehDCpzlmFc61F4IqZbpFF4LYc4hYIs6Z\nAzNmZtwNwe9HwaRzoM+KGZXI47+D1DyI+xOEj8s9dVlxwCpnsPFx30B56yryR5o6\nmYdJhji3ocSkRkKcIMU4uvx39MxomO59obdvvQSjKOmnukksJ9wlaEifpQarsGW6\nLSYPgcFIQyKn3ZXqizQ2/7WtAgMBAAGjFjAUMBIGA1UdEwEB/wQIMAYBAf8CAQAw\nDQYJKoZIhvcNAQELBQADggEBAGU9LTEOTglxEHmuD75rK4JPTLddqgP/WOdSshCP\nZuMk/wfw2nK8BahDx90QiKmOZKB3MhFRy6ZnmbJL0jGhhCphE0g0pBSAvUuMjWK8\n+GvSGJNhH+tNY63MoUg4Zhju+wYcSrDqsap5zO4uXT2jdA6ZlzJjWDQLwenRgk4I\nLqA0UNUI7KA34jIeW5BINVo0dhl77YzfADQ7RAIOD6BCqbGem/M551w4DAIcXwhs\nCf/8KApWOVKZXYK+7PqNVdJNkmWrVaH3ViYspx6ZB/ZmAwZRE5aFRkEKczMXzWyG\nbPktkOoTUXR+5TRxRSpPf+xUm6scv94tcOvDkjZomlgZYlg=\n-----END CERTIFICATE-----",
                "common_name": "C=US,O=Google\\, Inc,CN=Google Cloud SQL Server CA,dnQualifier=ff2857f7-71a5-4f71-9892-c0f0f06847b2",
                "create_time": "2024-03-29T13:19:00.328Z",
                "expiration_time": "2034-03-27T13:20:00.328Z",
                "sha1_fingerprint": "63d9733c79fdd3e2b33bf99f224a99d366599722"
              }
            ],
            "service_account_email_address": "p26240838587-20qrvu@gcp-sa-cloud-sql.iam.gserviceaccount.com",
            "settings": [
              {
                "activation_policy": "ALWAYS",
                "active_directory_config": [],
                "advanced_machine_features": [],
                "availability_type": "REGIONAL",
                "backup_configuration": [
                  {
                    "backup_retention_settings": [
                      {
                        "retained_backups": 7,
                        "retention_unit": "COUNT"
                      }
                    ],
                    "binary_log_enabled": false,
                    "enabled": true,
                    "location": "",
                    "point_in_time_recovery_enabled": false,
                    "start_time": "03:00",
                    "transaction_log_retention_days": 7
                  }
                ],
                "collation": "",
                "connector_enforcement": "NOT_REQUIRED",
                "data_cache_config": [],
                "database_flags": [],
                "deletion_protection_enabled": false,
                "deny_maintenance_period": [],
                "disk_autoresize": true,
                "disk_autoresize_limit": 0,
                "disk_size": 100,
                "disk_type": "PD_SSD",
                "edition": "ENTERPRISE",
                "insights_config": [],
                "ip_configuration": [
                  {
                    "allocated_ip_range": "",
                    "authorized_networks": [],
                    "enable_private_path_for_google_cloud_services": false,
                    "ipv4_enabled": true,
                    "private_network": "projects/ethereal-runner-417315/global/networks/db-vpc-net",
                    "psc_config": [],
                    "require_ssl": false,
                    "ssl_mode": ""
                  }
                ],
                "location_preference": [
                  {
                    "follow_gae_application": "",
                    "secondary_zone": "",
                    "zone": "europe-central2-b"
                  }
                ],
                "maintenance_window": [],
                "password_validation_policy": [],
                "pricing_plan": "PER_USE",
                "sql_server_audit_config": [],
                "tier": "db-f1-micro",
                "time_zone": "",
                "user_labels": {},
                "version": 6
              }
            ],
            "timeouts": null
          },
          "sensitive_attributes": [],
          "private": "eyJlMmJmYjczMC1lY2FhLTExZTYtOGY4OC0zNDM2M2JjN2M0YzAiOnsiY3JlYXRlIjoyNDAwMDAwMDAwMDAwLCJkZWxldGUiOjE4MDAwMDAwMDAwMDAsInVwZGF0ZSI6MTgwMDAwMDAwMDAwMH19",
          "dependencies": [
            "module.gke_db_cluster.google_compute_global_address.private_ip_address",
            "module.gke_db_cluster.google_compute_network.private_network",
            "module.gke_db_cluster.google_service_networking_connection.default",
            "module.gke_db_cluster.random_id.db_name_suffix_master"
          ]
        }
      ]
    },
    {
      "module": "module.gke_db_cluster",
      "mode": "managed",
      "type": "google_sql_database_instance",
      "name": "read_replica",
      "provider": "provider[\"registry.terraform.io/hashicorp/google\"]",
      "instances": [
        {
          "schema_version": 0,
          "attributes": {
            "available_maintenance_versions": [],
            "clone": [],
            "connection_name": "ethereal-runner-417315:us-east4:tf-cluster-db-4266",
            "database_version": "POSTGRES_11",
            "deletion_protection": false,
            "dns_name": "",
            "encryption_key_name": null,
            "first_ip_address": "34.145.208.217",
            "id": "tf-cluster-db-4266",
            "instance_type": "READ_REPLICA_INSTANCE",
            "ip_address": [
              {
                "ip_address": "34.145.208.217",
                "time_to_retire": "",
                "type": "PRIMARY"
              },
              {
                "ip_address": "10.140.1.2",
                "time_to_retire": "",
                "type": "PRIVATE"
              }
            ],
            "maintenance_version": "POSTGRES_11_22.R20240130.00_07",
            "master_instance_name": "tf-cluster-db-6482",
            "name": "tf-cluster-db-4266",
            "private_ip_address": "10.140.1.2",
            "project": "ethereal-runner-417315",
            "psc_service_attachment_link": "",
            "public_ip_address": "34.145.208.217",
            "region": "us-east4",
            "replica_configuration": [
              {
                "ca_certificate": "",
                "client_certificate": "",
                "client_key": "",
                "connect_retry_interval": 0,
                "dump_file_path": "",
                "failover_target": false,
                "master_heartbeat_period": 0,
                "password": "",
                "ssl_cipher": "",
                "username": "",
                "verify_server_certificate": false
              }
            ],
            "restore_backup_context": [],
            "root_password": null,
            "self_link": "https://sqladmin.googleapis.com/sql/v1beta4/projects/ethereal-runner-417315/instances/tf-cluster-db-4266",
            "server_ca_cert": [
              {
                "cert": "-----BEGIN CERTIFICATE-----\nMIIDfzCCAmegAwIBAgIBADANBgkqhkiG9w0BAQsFADB3MS0wKwYDVQQuEyQwYjc0\nZGU0Ni0zZTY5LTRhZGUtYTkzOS1iNzg5NzVkMGIyZmExIzAhBgNVBAMTGkdvb2ds\nZSBDbG91ZCBTUUwgU2VydmVyIENBMRQwEgYDVQQKEwtHb29nbGUsIEluYzELMAkG\nA1UEBhMCVVMwHhcNMjQwMzI5MTMzMTA1WhcNMzQwMzI3MTMzMjA1WjB3MS0wKwYD\nVQQuEyQwYjc0ZGU0Ni0zZTY5LTRhZGUtYTkzOS1iNzg5NzVkMGIyZmExIzAhBgNV\nBAMTGkdvb2dsZSBDbG91ZCBTUUwgU2VydmVyIENBMRQwEgYDVQQKEwtHb29nbGUs\nIEluYzELMAkGA1UEBhMCVVMwggEiMA0GCSqGSIb3DQEBAQUAA4IBDwAwggEKAoIB\nAQCfOAUbeqAj1sMkuPaUPlUbxm48M+2HaAq4niFhtDwIOPeYG25/QC7MhuQNKkik\nbxmJvcKng42ZQ24nVvcgA9lP8zQQRoEvdmGwCCxPnNsWJUqyb6SudmvgTD41y79R\n4Z9it4jFaNIuP6zSWCxVhF0hujavtrbJ84q8zsSSzga7MhP50O9bkM6680cG8ekn\n3BnvWqbteSLJundaLDn/uJDCCihD5rMOok5xQjT4YpfUXFdQqf/cwH6lSRlWvhsQ\nh8u7/Utnd9jw9f9AyTzlP+9/Xyxz4bChzOtNzoR8TeiACuf5SuI03VFAAb7CHp2i\nkIKvwX5ZhzcrvuoQ2m7MbbDtAgMBAAGjFjAUMBIGA1UdEwEB/wQIMAYBAf8CAQAw\nDQYJKoZIhvcNAQELBQADggEBAHZRTz0O7x5Hp+TA2NNcHO+DuxIIKsPYGeyP7M1Z\nCDumkjWiJzQ+uXi64mC1PfjcMVn6b79SqHEpWJJKyZvldlmsEGG6fdlWYZaqZw6R\naA6RCcKlQBK/6f4+F/YncfwHjPoHbV9g6PU6dKuEWd5ye+XGWv1esSbVVLKeyFT/\nSyCxudgnT52XDoHCdP4UPhNgTczUK+Ep6STFaw7N1PzwXOeNM82GWatf1jY0LRRN\nusFLELB6ezN6YJD398Pbxh9W/gqjWOslnQ/ljSP9qGF9ELsCSYpXXGorki7yPu5D\nUIse+mPI5CPnSnl6QDMIZMy27SytrW9kKmD5fYYC/FbiGLg=\n-----END CERTIFICATE-----",
                "common_name": "C=US,O=Google\\, Inc,CN=Google Cloud SQL Server CA,dnQualifier=0b74de46-3e69-4ade-a939-b78975d0b2fa",
                "create_time": "2024-03-29T13:31:05.375Z",
                "expiration_time": "2034-03-27T13:32:05.375Z",
                "sha1_fingerprint": "5fa5bfb5b6d5d00d02db572b1fcdc3a8bd9087a8"
              }
            ],
            "service_account_email_address": "p26240838587-9xknso@gcp-sa-cloud-sql.iam.gserviceaccount.com",
            "settings": [
              {
                "activation_policy": "ALWAYS",
                "active_directory_config": [],
                "advanced_machine_features": [],
                "availability_type": "REGIONAL",
                "backup_configuration": [
                  {
                    "backup_retention_settings": [
                      {
                        "retained_backups": 7,
                        "retention_unit": "COUNT"
                      }
                    ],
                    "binary_log_enabled": false,
                    "enabled": false,
                    "location": "",
                    "point_in_time_recovery_enabled": false,
                    "start_time": "02:00",
                    "transaction_log_retention_days": 7
                  }
                ],
                "collation": "",
                "connector_enforcement": "NOT_REQUIRED",
                "data_cache_config": [],
                "database_flags": [],
                "deletion_protection_enabled": false,
                "deny_maintenance_period": [],
                "disk_autoresize": true,
                "disk_autoresize_limit": 0,
                "disk_size": 100,
                "disk_type": "PD_SSD",
                "edition": "ENTERPRISE",
                "insights_config": [],
                "ip_configuration": [
                  {
                    "allocated_ip_range": "",
                    "authorized_networks": [],
                    "enable_private_path_for_google_cloud_services": false,
                    "ipv4_enabled": true,
                    "private_network": "projects/ethereal-runner-417315/global/networks/db-vpc-net",
                    "psc_config": [],
                    "require_ssl": false,
                    "ssl_mode": ""
                  }
                ],
                "location_preference": [
                  {
                    "follow_gae_application": "",
                    "secondary_zone": "",
                    "zone": "us-east4-a"
                  }
                ],
                "maintenance_window": [],
                "password_validation_policy": [],
                "pricing_plan": "PER_USE",
                "sql_server_audit_config": [],
                "tier": "db-f1-micro",
                "time_zone": "",
                "user_labels": {},
                "version": 5
              }
            ],
            "timeouts": null
          },
          "sensitive_attributes": [],
          "private": "eyJlMmJmYjczMC1lY2FhLTExZTYtOGY4OC0zNDM2M2JjN2M0YzAiOnsiY3JlYXRlIjoyNDAwMDAwMDAwMDAwLCJkZWxldGUiOjE4MDAwMDAwMDAwMDAsInVwZGF0ZSI6MTgwMDAwMDAwMDAwMH19",
          "dependencies": [
            "module.gke_db_cluster.google_compute_global_address.private_ip_address",
            "module.gke_db_cluster.google_compute_network.private_network",
            "module.gke_db_cluster.google_service_networking_connection.default",
            "module.gke_db_cluster.google_sql_database_instance.master",
            "module.gke_db_cluster.random_id.db_name_suffix_master",
            "module.gke_db_cluster.random_id.db_name_suffix_replica"
          ]
        }
      ]
    },
    {
      "module": "module.gke_db_cluster",
      "mode": "managed",
      "type": "google_sql_user",
      "name": "users",
      "provider": "provider[\"registry.terraform.io/hashicorp/google\"]",
      "instances": [
        {
          "schema_version": 1,
          "attributes": {
            "deletion_policy": null,
            "host": "",
            "id": "dok_tele_user//tf-cluster-db-6482",
            "instance": "tf-cluster-db-6482",
            "name": "dok_tele_user",
            "password": "6RE#P92\u003eA\u0026Ug#",
            "password_policy": [],
            "project": "ethereal-runner-417315",
            "sql_server_user_details": [],
            "timeouts": null,
            "type": ""
          },
          "sensitive_attributes": [
            [
              {
                "type": "get_attr",
                "value": "name"
              }
            ],
            [
              {
                "type": "get_attr",
                "value": "password"
              }
            ]
          ],
          "private": "eyJlMmJmYjczMC1lY2FhLTExZTYtOGY4OC0zNDM2M2JjN2M0YzAiOnsiY3JlYXRlIjo2MDAwMDAwMDAwMDAsImRlbGV0ZSI6NjAwMDAwMDAwMDAwLCJ1cGRhdGUiOjYwMDAwMDAwMDAwMH0sInNjaGVtYV92ZXJzaW9uIjoiMSJ9",
          "dependencies": [
            "module.gke_db_cluster.data.google_secret_manager_secret_version.db-pass",
            "module.gke_db_cluster.data.google_secret_manager_secret_version.db-user-name",
            "module.gke_db_cluster.google_compute_global_address.private_ip_address",
            "module.gke_db_cluster.google_compute_network.private_network",
            "module.gke_db_cluster.google_secret_manager_secret.db-pass",
            "module.gke_db_cluster.google_secret_manager_secret.db-user-name",
            "module.gke_db_cluster.google_service_networking_connection.default",
            "module.gke_db_cluster.google_sql_database_instance.master",
            "module.gke_db_cluster.random_id.db_name_suffix_master"
          ]
        }
      ]
    },
    {
      "module": "module.gke_db_cluster",
      "mode": "managed",
      "type": "random_id",
      "name": "db_name_suffix_master",
      "provider": "provider[\"registry.terraform.io/hashicorp/random\"]",
      "instances": [
        {
          "schema_version": 0,
          "attributes": {
            "b64_std": "ZII=",
            "b64_url": "ZII",
            "byte_length": 2,
            "dec": "25730",
            "hex": "6482",
            "id": "ZII",
            "keepers": null,
            "prefix": null
          },
          "sensitive_attributes": []
        }
      ]
    },
    {
      "module": "module.gke_db_cluster",
      "mode": "managed",
      "type": "random_id",
      "name": "db_name_suffix_replica",
      "provider": "provider[\"registry.terraform.io/hashicorp/random\"]",
      "instances": [
        {
          "schema_version": 0,
          "attributes": {
            "b64_std": "QmY=",
            "b64_url": "QmY",
            "byte_length": 2,
            "dec": "16998",
            "hex": "4266",
            "id": "QmY",
            "keepers": null,
            "prefix": null
          },
          "sensitive_attributes": []
        }
      ]
    },
    {
      "module": "module.gke_demo_app",
      "mode": "managed",
      "type": "kubernetes_deployment",
      "name": "go_deployment",
      "provider": "provider[\"registry.terraform.io/hashicorp/kubernetes\"]",
      "instances": [
        {
          "schema_version": 1,
          "attributes": {
            "id": "default/go-demo",
            "metadata": [
              {
                "annotations": {},
                "generate_name": "",
                "generation": 23,
                "labels": {
                  "app": "go"
                },
                "name": "go-demo",
                "namespace": "default",
                "resource_version": "8339466",
                "uid": "4d6555be-2795-40ca-86ad-b56efc7603c4"
              }
            ],
            "spec": [
              {
                "min_ready_seconds": 0,
                "paused": false,
                "progress_deadline_seconds": 600,
                "replicas": "5",
                "revision_history_limit": 10,
                "selector": [
                  {
                    "match_expressions": [],
                    "match_labels": {
                      "app": "go"
                    }
                  }
                ],
                "strategy": [
                  {
                    "rolling_update": [
                      {
                        "max_surge": "25%",
                        "max_unavailable": "25%"
                      }
                    ],
                    "type": "RollingUpdate"
                  }
                ],
                "template": [
                  {
                    "metadata": [
                      {
                        "annotations": {},
                        "generate_name": "",
                        "generation": 0,
                        "labels": {
                          "app": "go"
                        },
                        "name": "",
                        "namespace": "",
                        "resource_version": "",
                        "uid": ""
                      }
                    ],
                    "spec": [
                      {
                        "active_deadline_seconds": 0,
                        "affinity": [],
                        "automount_service_account_token": true,
                        "container": [
                          {
                            "args": [],
                            "command": [],
                            "env": [],
                            "env_from": [],
                            "image": "europe-central2-docker.pkg.dev/ethereal-runner-417315/dc-docker-repo/demo_app:production",
                            "image_pull_policy": "Always",
                            "lifecycle": [],
                            "liveness_probe": [],
                            "name": "dchernenko-demo-app",
                            "port": [
                              {
                                "container_port": 8088,
                                "host_ip": "",
                                "host_port": 0,
                                "name": "",
                                "protocol": "TCP"
                              }
                            ],
                            "readiness_probe": [],
                            "resources": [
                              {
                                "limits": {},
                                "requests": {}
                              }
                            ],
                            "security_context": [],
                            "startup_probe": [],
                            "stdin": false,
                            "stdin_once": false,
                            "termination_message_path": "/dev/termination-log",
                            "termination_message_policy": "File",
                            "tty": false,
                            "volume_mount": [],
                            "working_dir": ""
                          }
                        ],
                        "dns_config": [],
                        "dns_policy": "ClusterFirst",
                        "enable_service_links": true,
                        "host_aliases": [],
                        "host_ipc": false,
                        "host_network": false,
                        "host_pid": false,
                        "hostname": "",
                        "image_pull_secrets": [],
                        "init_container": [],
                        "node_name": "",
                        "node_selector": {},
                        "os": [],
                        "priority_class_name": "",
                        "readiness_gate": [],
                        "restart_policy": "Always",
                        "runtime_class_name": "",
                        "scheduler_name": "default-scheduler",
                        "security_context": [],
                        "service_account_name": "",
                        "share_process_namespace": false,
                        "subdomain": "",
                        "termination_grace_period_seconds": 30,
                        "toleration": [],
                        "topology_spread_constraint": [],
                        "volume": []
                      }
                    ]
                  }
                ]
              }
            ],
            "timeouts": null,
            "wait_for_rollout": true
          },
          "sensitive_attributes": [],
          "private": "eyJlMmJmYjczMC1lY2FhLTExZTYtOGY4OC0zNDM2M2JjN2M0YzAiOnsiY3JlYXRlIjo2MDAwMDAwMDAwMDAsImRlbGV0ZSI6NjAwMDAwMDAwMDAwLCJ1cGRhdGUiOjYwMDAwMDAwMDAwMH0sInNjaGVtYV92ZXJzaW9uIjoiMSJ9"
        }
      ]
    },
    {
      "module": "module.gke_demo_app",
      "mode": "managed",
      "type": "kubernetes_service",
      "name": "go_service",
      "provider": "provider[\"registry.terraform.io/hashicorp/kubernetes\"]",
      "instances": [
        {
          "schema_version": 1,
          "attributes": {
            "id": "default/go-service",
            "metadata": [
              {
                "annotations": {},
                "generate_name": "",
                "generation": 0,
                "labels": {},
                "name": "go-service",
                "namespace": "default",
                "resource_version": "28752",
                "uid": "cb31076d-256e-4096-aeb8-a352fd4a4731"
              }
            ],
            "spec": [
              {
                "allocate_load_balancer_node_ports": true,
                "cluster_ip": "10.32.178.168",
                "cluster_ips": [
                  "10.32.178.168"
                ],
                "external_ips": [],
                "external_name": "",
                "external_traffic_policy": "Cluster",
                "health_check_node_port": 0,
                "internal_traffic_policy": "Cluster",
                "ip_families": [
                  "IPv4"
                ],
                "ip_family_policy": "SingleStack",
                "load_balancer_class": "",
                "load_balancer_ip": "",
                "load_balancer_source_ranges": [],
                "port": [
                  {
                    "app_protocol": "",
                    "name": "",
                    "node_port": 30176,
                    "port": 80,
                    "protocol": "TCP",
                    "target_port": "8088"
                  }
                ],
                "publish_not_ready_addresses": false,
                "selector": {
                  "app": "go"
                },
                "session_affinity": "None",
                "session_affinity_config": [],
                "type": "LoadBalancer"
              }
            ],
            "status": [
              {
                "load_balancer": [
                  {
                    "ingress": [
                      {
                        "hostname": "",
                        "ip": "34.116.191.131"
                      }
                    ]
                  }
                ]
              }
            ],
            "timeouts": null,
            "wait_for_load_balancer": true
          },
          "sensitive_attributes": [],
          "private": "eyJlMmJmYjczMC1lY2FhLTExZTYtOGY4OC0zNDM2M2JjN2M0YzAiOnsiY3JlYXRlIjo2MDAwMDAwMDAwMDB9LCJzY2hlbWFfdmVyc2lvbiI6IjEifQ=="
        }
      ]
    },
    {
      "module": "module.gke_dok_tele_status",
      "mode": "data",
      "type": "google_secret_manager_secret_version",
      "name": "basic",
      "provider": "provider[\"registry.terraform.io/hashicorp/google-beta\"]",
      "instances": [
        {
          "schema_version": 0,
          "attributes": {
            "create_time": "2024-03-27T15:33:28.612441Z",
            "destroy_time": null,
            "enabled": true,
            "id": "projects/26240838587/secrets/TELE_TOKEN/versions/1",
            "name": "projects/26240838587/secrets/TELE_TOKEN/versions/1",
            "project": "ethereal-runner-417315",
            "secret": "TELE_TOKEN",
            "secret_data": "7159007767:AAFYoUJZ9cAFBcik68LmlAmRrZDThv6LSDE",
            "version": "1"
          },
          "sensitive_attributes": []
        }
      ]
    },
    {
      "module": "module.gke_dok_tele_status",
      "mode": "managed",
      "type": "google_secret_manager_secret",
      "name": "tele-token",
      "provider": "provider[\"registry.terraform.io/hashicorp/google-beta\"]",
      "instances": [
        {
          "schema_version": 0,
          "attributes": {
            "annotations": {},
            "create_time": "2024-03-27T15:30:02.429921Z",
            "effective_annotations": {},
            "effective_labels": {},
            "expire_time": "",
            "id": "projects/ethereal-runner-417315/secrets/TELE_TOKEN",
            "labels": {},
            "name": "projects/26240838587/secrets/TELE_TOKEN",
            "project": "ethereal-runner-417315",
            "replication": [
              {
                "auto": [
                  {
                    "customer_managed_encryption": []
                  }
                ],
                "user_managed": []
              }
            ],
            "rotation": [],
            "secret_id": "TELE_TOKEN",
            "terraform_labels": {},
            "timeouts": null,
            "topics": [],
            "ttl": null,
            "version_aliases": {}
          },
          "sensitive_attributes": [],
          "private": "eyJlMmJmYjczMC1lY2FhLTExZTYtOGY4OC0zNDM2M2JjN2M0YzAiOnsiY3JlYXRlIjoxMjAwMDAwMDAwMDAwLCJkZWxldGUiOjEyMDAwMDAwMDAwMDAsInVwZGF0ZSI6MTIwMDAwMDAwMDAwMH19"
        }
      ]
    },
    {
      "module": "module.gke_dok_tele_status",
      "mode": "managed",
      "type": "kubernetes_deployment",
      "name": "dok_tele_status_deployment",
      "provider": "provider[\"registry.terraform.io/hashicorp/kubernetes\"]",
      "instances": [
        {
          "schema_version": 1,
          "attributes": {
            "id": "default/dok-tele-status-demo",
            "metadata": [
              {
                "annotations": {},
                "generate_name": "",
                "generation": 7,
                "labels": {
                  "app": "dok-tele-status"
                },
                "name": "dok-tele-status-demo",
                "namespace": "default",
                "resource_version": "8339517",
                "uid": "1aa15e1c-50b9-4ae2-b92e-2345af3dfc70"
              }
            ],
            "spec": [
              {
                "min_ready_seconds": 0,
                "paused": false,
                "progress_deadline_seconds": 600,
                "replicas": "3",
                "revision_history_limit": 10,
                "selector": [
                  {
                    "match_expressions": [],
                    "match_labels": {
                      "app": "dok-tele-status"
                    }
                  }
                ],
                "strategy": [
                  {
                    "rolling_update": [
                      {
                        "max_surge": "25%",
                        "max_unavailable": "25%"
                      }
                    ],
                    "type": "RollingUpdate"
                  }
                ],
                "template": [
                  {
                    "metadata": [
                      {
                        "annotations": {},
                        "generate_name": "",
                        "generation": 0,
                        "labels": {
                          "app": "dok-tele-status"
                        },
                        "name": "",
                        "namespace": "",
                        "resource_version": "",
                        "uid": ""
                      }
                    ],
                    "spec": [
                      {
                        "active_deadline_seconds": 0,
                        "affinity": [],
                        "automount_service_account_token": true,
                        "container": [
                          {
                            "args": [],
                            "command": [],
                            "env": [
                              {
                                "name": "TELE_TOKEN",
                                "value": "7159007767:AAFYoUJZ9cAFBcik68LmlAmRrZDThv6LSDE",
                                "value_from": []
                              }
                            ],
                            "env_from": [],
                            "image": "dchernenko/dok_tele_status:production",
                            "image_pull_policy": "Always",
                            "lifecycle": [],
                            "liveness_probe": [],
                            "name": "dok-tele-status",
                            "port": [],
                            "readiness_probe": [],
                            "resources": [
                              {
                                "limits": {},
                                "requests": {}
                              }
                            ],
                            "security_context": [],
                            "startup_probe": [],
                            "stdin": false,
                            "stdin_once": false,
                            "termination_message_path": "/dev/termination-log",
                            "termination_message_policy": "File",
                            "tty": false,
                            "volume_mount": [],
                            "working_dir": ""
                          }
                        ],
                        "dns_config": [],
                        "dns_policy": "ClusterFirst",
                        "enable_service_links": true,
                        "host_aliases": [],
                        "host_ipc": false,
                        "host_network": false,
                        "host_pid": false,
                        "hostname": "",
                        "image_pull_secrets": [],
                        "init_container": [],
                        "node_name": "",
                        "node_selector": {},
                        "os": [],
                        "priority_class_name": "",
                        "readiness_gate": [],
                        "restart_policy": "Always",
                        "runtime_class_name": "",
                        "scheduler_name": "default-scheduler",
                        "security_context": [],
                        "service_account_name": "",
                        "share_process_namespace": false,
                        "subdomain": "",
                        "termination_grace_period_seconds": 30,
                        "toleration": [],
                        "topology_spread_constraint": [],
                        "volume": []
                      }
                    ]
                  }
                ]
              }
            ],
            "timeouts": null,
            "wait_for_rollout": true
          },
          "sensitive_attributes": [
            [
              {
                "type": "get_attr",
                "value": "spec"
              },
              {
                "type": "index",
                "value": {
                  "value": 0,
                  "type": "number"
                }
              },
              {
                "type": "get_attr",
                "value": "template"
              },
              {
                "type": "index",
                "value": {
                  "value": 0,
                  "type": "number"
                }
              },
              {
                "type": "get_attr",
                "value": "spec"
              },
              {
                "type": "index",
                "value": {
                  "value": 0,
                  "type": "number"
                }
              },
              {
                "type": "get_attr",
                "value": "container"
              },
              {
                "type": "index",
                "value": {
                  "value": 0,
                  "type": "number"
                }
              },
              {
                "type": "get_attr",
                "value": "env"
              },
              {
                "type": "index",
                "value": {
                  "value": 0,
                  "type": "number"
                }
              },
              {
                "type": "get_attr",
                "value": "value"
              }
            ]
          ],
          "private": "eyJlMmJmYjczMC1lY2FhLTExZTYtOGY4OC0zNDM2M2JjN2M0YzAiOnsiY3JlYXRlIjo2MDAwMDAwMDAwMDAsImRlbGV0ZSI6NjAwMDAwMDAwMDAwLCJ1cGRhdGUiOjYwMDAwMDAwMDAwMH0sInNjaGVtYV92ZXJzaW9uIjoiMSJ9",
          "dependencies": [
            "module.gke_dok_tele_status.data.google_secret_manager_secret_version.basic",
            "module.gke_dok_tele_status.google_secret_manager_secret.tele-token"
          ]
        }
      ]
    }
  ],
  "check_results": null
}
